github.com/RoaringBitmap/roaring/v2 v2.4.5 h1:uGrrMreGjvAtTBobc0g5IrW1D5ldxDQYe2JW2gggRdg=
github.com/RoaringBitmap/roaring/v2 v2.4.5/go.mod h1:FiJcsfkGje/nZBZgCu0ZxCPOKD/hVXDS2dXi7/eUFE0=
github.com/bits-and-blooms/bitset v1.12.0 h1:U/q1fAF7xXRhFCrhROzIfffYnu+dlS38vCZtmFVPHmA=
github.com/bits-and-blooms/bitset v1.12.0/go.mod h1:7hO7Gc7Pp1vODcmWvKMRA9BNmbv6a/7QIWpPxHddWR8=
github.com/davecgh/go-spew v1.1.0/go.mod h1:J7Y8YcW2NihsgmVo/mv3lAwl/skON4iLHjSsI+c5H38=
github.com/deiu/gon3 v0.0.0-20241212124032-93153c038193 h1:EQBdXSCO7r+0KQE/pN6v+RAH7p6+yz+6pbCfHh+ETME=
github.com/deiu/gon3 v0.0.0-20241212124032-93153c038193/go.mod h1:EdezkFZtCJELxMo+YIX5B5i5ofz9U+n+xSxWku6mOS0=
github.com/deiu/rdf2go v0.0.0-20241212211204-b661ba0dfd25 h1:drltZW/t3SgIHpURgCii68Jq0zvpcGhtkWRf3zmbxpc=
github.com/deiu/rdf2go v0.0.0-20241212211204-b661ba0dfd25/go.mod h1:AAL3UBTBShUaH3y68LyhlSjz6S6DoHoMSpAWvnCiTCs=
github.com/google/uuid v1.6.0 h1:NIvaJDMOsjHA8n1jAhLSgzrAzy1Hgr+hNrb57e+94F0=
github.com/google/uuid v1.6.0/go.mod h1:TIyPZe4MgqvfeYDBFedMoGGpEw/LqOeaOT+nhxU+yHo=
github.com/kuzudb/go-kuzu v0.9.0 h1:It2ST4EX8c2WpC/jv6O4mD8BZUnLHtah0KzvFHD/n2M=
github.com/kuzudb/go-kuzu v0.9.0/go.mod h1:s2NvXX3fB2QZfWGf6SjJSYawgTPE17a7WHZmzfLIZtU=
github.com/linkeddata/gojsonld v0.0.0-20170418210642-4f5db6791326 h1:YP3lfXXYiQV5MKeUqVnxRP5uuMQTLPx+PGYm1UBoU98=
github.com/linkeddata/gojsonld v0.0.0-20170418210642-4f5db6791326/go.mod h1:nfqkuSNlsk1bvti/oa7TThx4KmRMBmSxf3okHI9wp3E=
github.com/mschoch/smat v0.2.0 h1:8imxQsjDm8yFEAVBe7azKmKSgzSkZXDuKkSq9374khM=
github.com/mschoch/smat v0.2.0/go.mod h1:kc9mz7DoBKqDyiRL7VZN8KvXQMWeTaVnttLRXOlotKw=
github.com/piprate/json-gold v0.5.0 h1:RmGh1PYboCFcchVFuh2pbSWAZy4XJaqTMU4KQYsApbM=
github.com/piprate/json-gold v0.5.0/go.mod h1:WZ501QQMbZZ+3pXFPhQKzNwS1+jls0oqov3uQ2WasLs=
github.com/pkg/errors v0.9.1 h1:FEBLx1zS214owpjy7qsBeixbURkuhQAwrK5UwLGTwt4=
github.com/pkg/errors v0.9.1/go.mod h1:bwawxfHBFNV+L2hUp1rHADufV3IMtnDRdf1r5NINEl0=
github.com/pmezard/go-difflib v1.0.0/go.mod h1:iKH77koFhYxTK1pcRnkKkqfTogsbg7gZNVY4sRDYZ/4=
github.com/rychipman/easylex v0.0.0-20160129204217-49ee7767142f h1:L2/fBPABieQnQzfV40k2Zw7IcvZbt0CN5TgwUl8zDCs=
github.com/rychipman/easylex v0.0.0-20160129204217-49ee7767142f/go.mod h1:MZ2GRTcqmve6EoSbErWgCR+Ash4p8Gc5esHe8MDErss=
github.com/shopspring/decimal v1.4.0 h1:bxl37RwXBklmTi0C79JfXCEBD1cqqHt0bbgBAGFp81k=
github.com/shopspring/decimal v1.4.0/go.mod h1:gawqmDU56v4yIKSwfBSFip1HdCCXN8/+DMd9qYNcwME=
github.com/stretchr/objx v0.1.0/go.mod h1:HFkY916IF+rwdDfMAkV7OtwuqBVzrE8GR6GFx+wExME=
github.com/stretchr/testify v1.7.0/go.mod h1:6Fq8oRcR53rry900zMqJjRRixrwX3KX962/h/Wwjteg=
github.com/utrack/caisson-go v0.0.0-20250401154124-87a95ebc9efb h1:l4qZFQLQM5F2KiXQPpv6ZbXWfl0+W2ULGYy4fbLtfIM=
github.com/utrack/caisson-go v0.0.0-20250401154124-87a95ebc9efb/go.mod h1:U96EnKjLkrvXlPdv2JMtW1aa0BvtjlFgOKPcsu+sz2A=
gopkg.in/check.v1 v0.0.0-20161208181325-20d25e280405/go.mod h1:Co6ibVJAznAaIkqp8huTwlJQCZ016jof/cbN4VW5Yz0=
gopkg.in/yaml.v3 v3.0.0-20200313102051-9f266ea9e77c/go.mod h1:K4uyk7z7BCEPqu6E+C64Yfv1cQ7kz7rIZviUmN+EgEM=
gopkg.in/yaml.v3 v3.0.0/go.mod h1:K4uyk7z7BCEPqu6E+C64Yfv1cQ7kz7rIZviUmN+EgEM=
